
Microsoft Visual Studio Solution File, Format Version 12.00
# Visual Studio Version 17
VisualStudioVersion = 17.11.35312.102
MinimumVisualStudioVersion = 10.0.40219.1
Project("{9A19103F-16F7-4668-BE54-9A1E7A4F7556}") = "SistemaGestionFarmacias", "SistemaGestionFarmacias.csproj", "{809964BA-AB55-4FD1-8BBE-951091A949ED}"
EndProject
Global
	GlobalSection(SolutionConfigurationPlatforms) = preSolution
		Debug|Any CPU = Debug|Any CPU
		Release|Any CPU = Release|Any CPU
	EndGlobalSection
	GlobalSection(ProjectConfigurationPlatforms) = postSolution
		{809964BA-AB55-4FD1-8BBE-951091A949ED}.Debug|Any CPU.ActiveCfg = Debug|Any CPU
		{809964BA-AB55-4FD1-8BBE-951091A949ED}.Debug|Any CPU.Build.0 = Debug|Any CPU
		{809964BA-AB55-4FD1-8BBE-951091A949ED}.Release|Any CPU.ActiveCfg = Release|Any CPU
		{809964BA-AB55-4FD1-8BBE-951091A949ED}.Release|Any CPU.Build.0 = Release|Any CPU
	EndGlobalSection
	GlobalSection(SolutionProperties) = preSolution
		HideSolutionNode = FALSE
	EndGlobalSection
	GlobalSection(ExtensibilityGlobals) = postSolution
		SolutionGuid = {98AA1437-7BC8-4379-A7E8-F7D91AF6E842}
	EndGlobalSection
EndGlobal
